
Microsoft Visual Studio Solution File, Format Version 11.00
# Visual Studio 2010
Project("{8BC9CEB8-8B4A-11D0-8D11-00A0C91BC942}") = "BRake time", "BRake time\BRake time.vcxproj", "{883ED1E0-C9D8-4E2A-B1C5-AC431DA4CCC9}"
EndProject
Global
	GlobalSection(SolutionConfigurationPlatforms) = preSolution
		Debug|Win32 = Debug|Win32
		Release|Win32 = Release|Win32
	EndGlobalSection
	GlobalSection(ProjectConfigurationPlatforms) = postSolution
		{883ED1E0-C9D8-4E2A-B1C5-AC431DA4CCC9}.Debug|Win32.ActiveCfg = Debug|Win32
		{883ED1E0-C9D8-4E2A-B1C5-AC431DA4CCC9}.Debug|Win32.Build.0 = Debug|Win32
		{883ED1E0-C9D8-4E2A-B1C5-AC431DA4CCC9}.Release|Win32.ActiveCfg = Release|Win32
		{883ED1E0-C9D8-4E2A-B1C5-AC431DA4CCC9}.Release|Win32.Build.0 = Release|Win32
	EndGlobalSection
	GlobalSection(SolutionProperties) = preSolution
		HideSolutionNode = FALSE
	EndGlobalSection
EndGlobal
